
Microsoft Visual Studio Solution File, Format Version 12.00
# Visual Studio Version 16
VisualStudioVersion = 16.0.30523.141
MinimumVisualStudioVersion = 10.0.40219.1
Project("{8BC9CEB8-8B4A-11D0-8D11-00A0C91BC942}") = "Лабораторна робота №8.1(2)", "Лабораторна робота №8.1(2)\Лабораторна робота №8.1(2).vcxproj", "{B2F79E7D-AF6A-47A2-8019-063944BA4AD0}"
EndProject
Project("{8BC9CEB8-8B4A-11D0-8D11-00A0C91BC942}") = "UnitTest1", "UnitTest1\UnitTest1.vcxproj", "{47D48D7E-5E38-4DF2-8BB1-E2729FD5E6C8}"
EndProject
Global
	GlobalSection(SolutionConfigurationPlatforms) = preSolution
		Debug|x64 = Debug|x64
		Debug|x86 = Debug|x86
		Release|x64 = Release|x64
		Release|x86 = Release|x86
	EndGlobalSection
	GlobalSection(ProjectConfigurationPlatforms) = postSolution
		{B2F79E7D-AF6A-47A2-8019-063944BA4AD0}.Debug|x64.ActiveCfg = Debug|x64
		{B2F79E7D-AF6A-47A2-8019-063944BA4AD0}.Debug|x64.Build.0 = Debug|x64
		{B2F79E7D-AF6A-47A2-8019-063944BA4AD0}.Debug|x86.ActiveCfg = Debug|Win32
		{B2F79E7D-AF6A-47A2-8019-063944BA4AD0}.Debug|x86.Build.0 = Debug|Win32
		{B2F79E7D-AF6A-47A2-8019-063944BA4AD0}.Release|x64.ActiveCfg = Release|x64
		{B2F79E7D-AF6A-47A2-8019-063944BA4AD0}.Release|x64.Build.0 = Release|x64
		{B2F79E7D-AF6A-47A2-8019-063944BA4AD0}.Release|x86.ActiveCfg = Release|Win32
		{B2F79E7D-AF6A-47A2-8019-063944BA4AD0}.Release|x86.Build.0 = Release|Win32
		{47D48D7E-5E38-4DF2-8BB1-E2729FD5E6C8}.Debug|x64.ActiveCfg = Debug|x64
		{47D48D7E-5E38-4DF2-8BB1-E2729FD5E6C8}.Debug|x64.Build.0 = Debug|x64
		{47D48D7E-5E38-4DF2-8BB1-E2729FD5E6C8}.Debug|x86.ActiveCfg = Debug|Win32
		{47D48D7E-5E38-4DF2-8BB1-E2729FD5E6C8}.Debug|x86.Build.0 = Debug|Win32
		{47D48D7E-5E38-4DF2-8BB1-E2729FD5E6C8}.Release|x64.ActiveCfg = Release|x64
		{47D48D7E-5E38-4DF2-8BB1-E2729FD5E6C8}.Release|x64.Build.0 = Release|x64
		{47D48D7E-5E38-4DF2-8BB1-E2729FD5E6C8}.Release|x86.ActiveCfg = Release|Win32
		{47D48D7E-5E38-4DF2-8BB1-E2729FD5E6C8}.Release|x86.Build.0 = Release|Win32
	EndGlobalSection
	GlobalSection(SolutionProperties) = preSolution
		HideSolutionNode = FALSE
	EndGlobalSection
	GlobalSection(ExtensibilityGlobals) = postSolution
		SolutionGuid = {B7B9264D-07E0-43ED-B596-F8E800CB5254}
	EndGlobalSection
EndGlobal
